
Microsoft Visual Studio Solution File, Format Version 10.00
# Visual Studio 2008
Project("{8BC9CEB8-8B4A-11D0-8D11-00A0C91BC942}") = "Somato", "Somato.vcproj", "{AE00E55F-C099-4179-B451-F8A7D9CD0676}"
EndProject
Project("{2150E333-8FDC-42A3-9474-1A3956D46DE8}") = "Solution Items", "Solution Items", "{1FC91578-20E4-47A1-B3F6-B4916CC33D82}"
	ProjectSection(SolutionItems) = preProject
		windows\deprecations.vsprops = windows\deprecations.vsprops
		windows\gtkmm-2.4.vsprops = windows\gtkmm-2.4.vsprops
		windows\gtkmm-2.4d.vsprops = windows\gtkmm-2.4d.vsprops
		windows\vc80target.vsprops = windows\vc80target.vsprops
		windows\wincruft.vsprops = windows\wincruft.vsprops
	EndProjectSection
EndProject
Global
	GlobalSection(SolutionConfigurationPlatforms) = preSolution
		Debug|Win32 = Debug|Win32
		Release|Win32 = Release|Win32
	EndGlobalSection
	GlobalSection(ProjectConfigurationPlatforms) = postSolution
		{AE00E55F-C099-4179-B451-F8A7D9CD0676}.Debug|Win32.ActiveCfg = Debug|Win32
		{AE00E55F-C099-4179-B451-F8A7D9CD0676}.Debug|Win32.Build.0 = Debug|Win32
		{AE00E55F-C099-4179-B451-F8A7D9CD0676}.Release|Win32.ActiveCfg = Release|Win32
		{AE00E55F-C099-4179-B451-F8A7D9CD0676}.Release|Win32.Build.0 = Release|Win32
	EndGlobalSection
	GlobalSection(SolutionProperties) = preSolution
		HideSolutionNode = FALSE
	EndGlobalSection
EndGlobal
